Microsoft Visual Studio Solution File, Format Version 12.00
# Visual Studio Version 17
VisualStudioVersion = 17.5.2.0
MinimumVisualStudioVersion = 10.0.40219.1
Project("{FAE04EC0-301F-11D3-BF4B-00C04F79EFBC}") = "Second_Part-Project-C#", "Second_Part-Project-C#.csproj", "{9DE304C0-4AD5-B850-3568-7018E1387A95}"
EndProject
Global
	GlobalSection(SolutionConfigurationPlatforms) = preSolution
		Debug|Any CPU = Debug|Any CPU
		Release|Any CPU = Release|Any CPU
	EndGlobalSection
	GlobalSection(ProjectConfigurationPlatforms) = postSolution
		{9DE304C0-4AD5-B850-3568-7018E1387A95}.Debug|Any CPU.ActiveCfg = Debug|Any CPU
		{9DE304C0-4AD5-B850-3568-7018E1387A95}.Debug|Any CPU.Build.0 = Debug|Any CPU
		{9DE304C0-4AD5-B850-3568-7018E1387A95}.Release|Any CPU.ActiveCfg = Release|Any CPU
		{9DE304C0-4AD5-B850-3568-7018E1387A95}.Release|Any CPU.Build.0 = Release|Any CPU
	EndGlobalSection
	GlobalSection(SolutionProperties) = preSolution
		HideSolutionNode = FALSE
	EndGlobalSection
	GlobalSection(ExtensibilityGlobals) = postSolution
		SolutionGuid = {EF638F83-0772-42DA-B967-ABC90FB32525}
	EndGlobalSection
EndGlobal
